<?xml version="1.0" encoding="utf-8"?>
<Project ToolsVersion="4.0" xmlns="http://schemas.microsoft.com/developer/msbuild/2003">
  <ItemGroup>
    <Filter Include="Quelldateien">
      <UniqueIdentifier>{4FC737F1-C7A5-4376-A066-2A32D752A2FF}</UniqueIdentifier>
      <Extensions>cpp;c;cc;cxx;def;odl;idl;hpj;bat;asm;asmx</Extensions>
    </Filter>
    <Filter Include="Headerdateien">
      <UniqueIdentifier>{93995380-89BD-4b04-88EB-625FBE52EBFB}</UniqueIdentifier>
      <Extensions>h;hh;hpp;hxx;hm;inl;inc;xsd</Extensions>
    </Filter>
    <Filter Include="Ressourcendateien">
      <UniqueIdentifier>{67DA6AB6-F800-4c08-8B7A-83BB121AAD01}</UniqueIdentifier>
      <Extensions>rc;ico;cur;bmp;dlg;rc2;rct;bin;rgs;gif;jpg;jpeg;jpe;resx;tiff;tif;png;wav;mfcribbon-ms</Extensions>
    </Filter>
  </ItemGroup>
  <ItemGroup>
    <ClCompile Include="main.cpp">
      <Filter>Quelldateien</Filter>
    </ClCompile>
    <ClCompile Include="Animation.cpp">
      <Filter>Quelldateien</Filter>
    </ClCompile>
    <ClCompile Include="Application.cpp">
      <Filter>Quelldateien</Filter>
    </ClCompile>
    <ClCompile Include="Button.cpp">
      <Filter>Quelldateien</Filter>
    </ClCompile>
    <ClCompile Include="Command.cpp">
      <Filter>Quelldateien</Filter>
    </ClCompile>
    <ClCompile Include="CommandQueue.cpp">
      <Filter>Quelldateien</Filter>
    </ClCompile>
    <ClCompile Include="Component.cpp">
      <Filter>Quelldateien</Filter>
    </ClCompile>
    <ClCompile Include="Container.cpp">
      <Filter>Quelldateien</Filter>
    </ClCompile>
    <ClCompile Include="DataTables.cpp">
      <Filter>Quelldateien</Filter>
    </ClCompile>
    <ClCompile Include="Entity.cpp">
      <Filter>Quelldateien</Filter>
    </ClCompile>
    <ClCompile Include="GameOverState.cpp">
      <Filter>Quelldateien</Filter>
    </ClCompile>
    <ClCompile Include="GameServer.cpp">
      <Filter>Quelldateien</Filter>
    </ClCompile>
    <ClCompile Include="GameState.cpp">
      <Filter>Quelldateien</Filter>
    </ClCompile>
    <ClCompile Include="KeyBinding.cpp">
      <Filter>Quelldateien</Filter>
    </ClCompile>
    <ClCompile Include="Label.cpp">
      <Filter>Quelldateien</Filter>
    </ClCompile>
    <ClCompile Include="MenuState.cpp">
      <Filter>Quelldateien</Filter>
    </ClCompile>
    <ClCompile Include="MultiplayerGameState.cpp">
      <Filter>Quelldateien</Filter>
    </ClCompile>
    <ClCompile Include="MusicPlayer.cpp">
      <Filter>Quelldateien</Filter>
    </ClCompile>
    <ClCompile Include="NetworkNode.cpp">
      <Filter>Quelldateien</Filter>
    </ClCompile>
    <ClCompile Include="PauseState.cpp">
      <Filter>Quelldateien</Filter>
    </ClCompile>
    <ClCompile Include="Player.cpp">
      <Filter>Quelldateien</Filter>
    </ClCompile>
    <ClCompile Include="SceneNode.cpp">
      <Filter>Quelldateien</Filter>
    </ClCompile>
    <ClCompile Include="SoundNode.cpp">
      <Filter>Quelldateien</Filter>
    </ClCompile>
    <ClCompile Include="SoundPlayer.cpp">
      <Filter>Quelldateien</Filter>
    </ClCompile>
    <ClCompile Include="SpriteNode.cpp">
      <Filter>Quelldateien</Filter>
    </ClCompile>
    <ClCompile Include="State.cpp">
      <Filter>Quelldateien</Filter>
    </ClCompile>
    <ClCompile Include="StateStack.cpp">
      <Filter>Quelldateien</Filter>
    </ClCompile>
    <ClCompile Include="TextNode.cpp">
      <Filter>Quelldateien</Filter>
    </ClCompile>
    <ClCompile Include="TitleState.cpp">
      <Filter>Quelldateien</Filter>
    </ClCompile>
    <ClCompile Include="Utility.cpp">
      <Filter>Quelldateien</Filter>
    </ClCompile>
    <ClCompile Include="World.cpp">
      <Filter>Quelldateien</Filter>
    </ClCompile>
    <ClCompile Include="SoccerBall.cpp">
      <Filter>Quelldateien</Filter>
    </ClCompile>
    <ClCompile Include="SoccerPawn.cpp">
      <Filter>Quelldateien</Filter>
    </ClCompile>
    <ClCompile Include="BloomEffect.cpp">
      <Filter>Quelldateien</Filter>
    </ClCompile>
    <ClCompile Include="PostEffect.cpp">
      <Filter>Quelldateien</Filter>
    </ClCompile>
  </ItemGroup>
  <ItemGroup>
    <ClInclude Include="Include\hppFiles\Animation.hpp">
      <Filter>Headerdateien</Filter>
    </ClInclude>
    <ClInclude Include="Include\hppFiles\application.hpp">
      <Filter>Headerdateien</Filter>
    </ClInclude>
    <ClInclude Include="Include\hppFiles\button.hpp">
      <Filter>Headerdateien</Filter>
    </ClInclude>
    <ClInclude Include="Include\hppFiles\Category.hpp">
      <Filter>Headerdateien</Filter>
    </ClInclude>
    <ClInclude Include="Include\hppFiles\command.hpp">
      <Filter>Headerdateien</Filter>
    </ClInclude>
    <ClInclude Include="Include\hppFiles\commandqueue.hpp">
      <Filter>Headerdateien</Filter>
    </ClInclude>
    <ClInclude Include="Include\hppFiles\Component.hpp">
      <Filter>Headerdateien</Filter>
    </ClInclude>
    <ClInclude Include="Include\hppFiles\container.hpp">
      <Filter>Headerdateien</Filter>
    </ClInclude>
    <ClInclude Include="Include\hppFiles\datatables.hpp">
      <Filter>Headerdateien</Filter>
    </ClInclude>
    <ClInclude Include="Include\hppFiles\entity.hpp">
      <Filter>Headerdateien</Filter>
    </ClInclude>
    <ClInclude Include="Include\hppFiles\Foreach.hpp">
      <Filter>Headerdateien</Filter>
    </ClInclude>
    <ClInclude Include="Include\hppFiles\gameoverstate.hpp">
      <Filter>Headerdateien</Filter>
    </ClInclude>
    <ClInclude Include="Include\hppFiles\GameServer.hpp">
      <Filter>Headerdateien</Filter>
    </ClInclude>
    <ClInclude Include="Include\hppFiles\gamestate.hpp">
      <Filter>Headerdateien</Filter>
    </ClInclude>
    <ClInclude Include="Include\hppFiles\KeyBinding.hpp">
      <Filter>Headerdateien</Filter>
    </ClInclude>
    <ClInclude Include="Include\hppFiles\label.hpp">
      <Filter>Headerdateien</Filter>
    </ClInclude>
    <ClInclude Include="Include\hppFiles\menustate.hpp">
      <Filter>Headerdateien</Filter>
    </ClInclude>
    <ClInclude Include="Include\hppFiles\multiplayergamestate.hpp">
      <Filter>Headerdateien</Filter>
    </ClInclude>
    <ClInclude Include="Include\hppFiles\musicplayer.hpp">
      <Filter>Headerdateien</Filter>
    </ClInclude>
    <ClInclude Include="Include\hppFiles\networknode.hpp">
      <Filter>Headerdateien</Filter>
    </ClInclude>
    <ClInclude Include="Include\hppFiles\NetworkProtocol.hpp">
      <Filter>Headerdateien</Filter>
    </ClInclude>
    <ClInclude Include="Include\hppFiles\pausestate.hpp">
      <Filter>Headerdateien</Filter>
    </ClInclude>
    <ClInclude Include="Include\hppFiles\Pickup.hpp">
      <Filter>Headerdateien</Filter>
    </ClInclude>
    <ClInclude Include="Include\hppFiles\player.hpp">
      <Filter>Headerdateien</Filter>
    </ClInclude>
    <ClInclude Include="Include\hppFiles\ResourceHolder.hpp">
      <Filter>Headerdateien</Filter>
    </ClInclude>
    <ClInclude Include="Include\hppFiles\ResourceIdentifiers.hpp">
      <Filter>Headerdateien</Filter>
    </ClInclude>
    <ClInclude Include="Include\hppFiles\scenenode.hpp">
      <Filter>Headerdateien</Filter>
    </ClInclude>
    <ClInclude Include="Include\hppFiles\SoccerPawn.hpp">
      <Filter>Headerdateien</Filter>
    </ClInclude>
    <ClInclude Include="Include\hppFiles\soundnode.hpp">
      <Filter>Headerdateien</Filter>
    </ClInclude>
    <ClInclude Include="Include\hppFiles\soundplayer.hpp">
      <Filter>Headerdateien</Filter>
    </ClInclude>
    <ClInclude Include="Include\hppFiles\spritenode.hpp">
      <Filter>Headerdateien</Filter>
    </ClInclude>
    <ClInclude Include="Include\hppFiles\state.hpp">
      <Filter>Headerdateien</Filter>
    </ClInclude>
    <ClInclude Include="Include\hppFiles\StateIdentifiers.hpp">
      <Filter>Headerdateien</Filter>
    </ClInclude>
    <ClInclude Include="Include\hppFiles\statestack.hpp">
      <Filter>Headerdateien</Filter>
    </ClInclude>
    <ClInclude Include="Include\hppFiles\textnode.hpp">
      <Filter>Headerdateien</Filter>
    </ClInclude>
    <ClInclude Include="Include\hppFiles\titlestate.hpp">
      <Filter>Headerdateien</Filter>
    </ClInclude>
    <ClInclude Include="Include\hppFiles\utility.hpp">
      <Filter>Headerdateien</Filter>
    </ClInclude>
    <ClInclude Include="Include\hppFiles\world.hpp">
      <Filter>Headerdateien</Filter>
    </ClInclude>
    <ClInclude Include="SoccerBall.hpp">
      <Filter>Headerdateien</Filter>
    </ClInclude>
    <ClInclude Include="Include\hppFiles\bloomeffect.hpp">
      <Filter>Headerdateien</Filter>
    </ClInclude>
    <ClInclude Include="Include\hppFiles\PostEffect.hpp">
      <Filter>Headerdateien</Filter>
    </ClInclude>
  </ItemGroup>
  <ItemGroup>
    <None Include="Include\hppFiles\ResourceHolder.inl">
      <Filter>Headerdateien</Filter>
    </None>
    <None Include="Include\hppFiles\Utility.inl">
      <Filter>Headerdateien</Filter>
    </None>
  </ItemGroup>
</Project>